{"format_version":"1.0","provider_schemas":{"registry.terraform.io/port-labs/port-labs":{"provider":{"version":0,"block":{"attributes":{"base_url":{"type":"string","description_kind":"plain","optional":true},"client_id":{"type":"string","description":"Client ID for Port-labs","description_kind":"markdown","optional":true},"secret":{"type":"string","description":"Client Secret for Port-labs","description_kind":"markdown","optional":true,"sensitive":true},"token":{"type":"string","description":"Token for Port-labs","description_kind":"markdown","optional":true,"sensitive":true}},"description":"Interact with Port-labs","description_kind":"plain"}},"resource_schemas":{"port_action":{"version":0,"block":{"attributes":{"approval_email_notification":{"type":["object",{}],"description":"The email notification of the approval","description_kind":"markdown","optional":true},"approval_webhook_notification":{"nested_type":{"attributes":{"url":{"type":"string","description":"The URL to invoke the webhook","description_kind":"markdown","required":true}},"nesting_mode":"single"},"description":"The webhook notification of the approval","description_kind":"markdown","optional":true},"azure_method":{"nested_type":{"attributes":{"org":{"type":"string","description":"Required when selecting type AZURE. The Azure org that the workflow belongs to","description_kind":"markdown","required":true},"webhook":{"type":"string","description":"Required when selecting type AZURE. The Azure webhook that the workflow belongs to","description_kind":"markdown","required":true}},"nesting_mode":"single"},"description":"The invocation method of the action","description_kind":"markdown","optional":true},"blueprint":{"type":"string","description":"The blueprint identifier the action relates to","description_kind":"markdown","required":true},"description":{"type":"string","description":"Description","description_kind":"markdown","optional":true},"github_method":{"nested_type":{"attributes":{"omit_payload":{"type":"bool","description":"Omit the payload when invoking the action","description_kind":"markdown","optional":true},"omit_user_inputs":{"type":"bool","description":"Omit the user inputs when invoking the action","description_kind":"markdown","optional":true},"org":{"type":"string","description":"Required when selecting type GITHUB. The GitHub org that the workflow belongs to","description_kind":"markdown","required":true},"repo":{"type":"string","description":"Required when selecting type GITHUB. The GitHub repo that the workflow belongs to","description_kind":"markdown","required":true},"report_workflow_status":{"type":"bool","description":"Report the workflow status when invoking the action","description_kind":"markdown","optional":true},"workflow":{"type":"string","description":"The GitHub workflow that the action belongs to","description_kind":"markdown","required":true}},"nesting_mode":"single"},"description":"The invocation method of the action","description_kind":"markdown","optional":true},"gitlab_method":{"nested_type":{"attributes":{"agent":{"type":"bool","description":"Use the agent to invoke the action","description_kind":"markdown","optional":true,"computed":true},"default_ref":{"type":"string","description":"The default ref of the action","description_kind":"markdown","optional":true},"group_name":{"type":"string","description":"Required when selecting type GITLAB. The GitLab group name that the workflow belongs to","description_kind":"markdown","required":true},"omit_payload":{"type":"bool","description":"Omit the payload when invoking the action","description_kind":"markdown","optional":true},"omit_user_inputs":{"type":"bool","description":"Omit the user inputs when invoking the action","description_kind":"markdown","optional":true},"project_name":{"type":"string","description":"Required when selecting type GITLAB. The GitLab project name that the workflow belongs to","description_kind":"markdown","required":true}},"nesting_mode":"single"},"description":"The invocation method of the action","description_kind":"markdown","optional":true},"icon":{"type":"string","description":"Icon","description_kind":"markdown","optional":true},"id":{"type":"string","description_kind":"plain","computed":true},"identifier":{"type":"string","description":"Identifier","description_kind":"markdown","required":true},"kafka_method":{"type":["object",{}],"description":"The invocation method of the action","description_kind":"markdown","optional":true},"order_properties":{"type":["list","string"],"description":"Order properties","description_kind":"markdown","optional":true},"required_approval":{"type":"bool","description":"Require approval before invoking the action","description_kind":"markdown","optional":true},"title":{"type":"string","description":"Title","description_kind":"markdown","required":true},"trigger":{"type":"string","description":"The trigger type of the action","description_kind":"markdown","required":true},"user_properties":{"nested_type":{"attributes":{"array_props":{"nested_type":{"attributes":{"boolean_items":{"nested_type":{"attributes":{"default":{"type":["list","bool"],"description":"The default of the items","description_kind":"markdown","optional":true}},"nesting_mode":"single"},"description":"The items of the array property","description_kind":"markdown","optional":true},"dataset":{"nested_type":{"attributes":{"combinator":{"type":"string","description":"The combinator of the dataset","description_kind":"markdown","required":true},"rules":{"nested_type":{"attributes":{"blueprint":{"type":"string","description":"The blueprint identifier of the rule","description_kind":"markdown","optional":true},"operator":{"type":"string","description":"The operator of the rule","description_kind":"markdown","required":true},"property":{"type":"string","description":"The property identifier of the rule","description_kind":"markdown","optional":true},"value":{"type":["object",{"jq_query":"string"}],"description":"The value of the rule","description_kind":"markdown","required":true}},"nesting_mode":"list"},"description":"The rules of the dataset","description_kind":"markdown","required":true}},"nesting_mode":"single"},"description":"The dataset of the property","description_kind":"markdown","optional":true},"default_jq_query":{"type":"string","description":"The default jq query of the array property","description_kind":"markdown","optional":true},"depends_on":{"type":["list","string"],"description":"The properties that this property depends on","description_kind":"markdown","optional":true},"description":{"type":"string","description":"The description of the property","description_kind":"markdown","optional":true},"icon":{"type":"string","description":"The icon of the property","description_kind":"markdown","optional":true},"max_items":{"type":"number","description":"The max items of the array property","description_kind":"markdown","optional":true},"min_items":{"type":"number","description":"The min items of the array property","description_kind":"markdown","optional":true},"number_items":{"nested_type":{"attributes":{"default":{"type":["list","number"],"description":"The default of the items","description_kind":"markdown","optional":true},"enum":{"type":["list","number"],"description":"The enum of the items","description_kind":"markdown","optional":true},"enum_jq_query":{"type":"string","description":"The enum jq query of the number items","description_kind":"markdown","optional":true}},"nesting_mode":"single"},"description":"The items of the array property","description_kind":"markdown","optional":true},"object_items":{"nested_type":{"attributes":{"default":{"type":["list",["map","string"]],"description":"The default of the items","description_kind":"markdown","optional":true}},"nesting_mode":"single"},"description":"The items of the array property","description_kind":"markdown","optional":true},"required":{"type":"bool","description":"Whether the property is required","description_kind":"markdown","optional":true,"computed":true},"string_items":{"nested_type":{"attributes":{"blueprint":{"type":"string","description":"The blueprint identifier the property relates to","description_kind":"markdown","optional":true},"default":{"type":["list","string"],"description":"The default of the items","description_kind":"markdown","optional":true},"enum":{"type":["list","string"],"description":"The enum of the items","description_kind":"markdown","optional":true},"enum_jq_query":{"type":"string","description":"The enum jq query of the string items","description_kind":"markdown","optional":true},"format":{"type":"string","description":"The format of the items","description_kind":"markdown","optional":true}},"nesting_mode":"single"},"description":"The items of the array property","description_kind":"markdown","optional":true},"title":{"type":"string","description":"The title of the property","description_kind":"markdown","optional":true}},"nesting_mode":"map"},"description":"The array property of the action","description_kind":"markdown","optional":true},"boolean_props":{"nested_type":{"attributes":{"dataset":{"nested_type":{"attributes":{"combinator":{"type":"string","description":"The combinator of the dataset","description_kind":"markdown","required":true},"rules":{"nested_type":{"attributes":{"blueprint":{"type":"string","description":"The blueprint identifier of the rule","description_kind":"markdown","optional":true},"operator":{"type":"string","description":"The operator of the rule","description_kind":"markdown","required":true},"property":{"type":"string","description":"The property identifier of the rule","description_kind":"markdown","optional":true},"value":{"type":["object",{"jq_query":"string"}],"description":"The value of the rule","description_kind":"markdown","required":true}},"nesting_mode":"list"},"description":"The rules of the dataset","description_kind":"markdown","required":true}},"nesting_mode":"single"},"description":"The dataset of the property","description_kind":"markdown","optional":true},"default":{"type":"bool","description":"The default of the boolean property","description_kind":"markdown","optional":true},"default_jq_query":{"type":"string","description":"The default jq query of the boolean property","description_kind":"markdown","optional":true},"depends_on":{"type":["list","string"],"description":"The properties that this property depends on","description_kind":"markdown","optional":true},"description":{"type":"string","description":"The description of the property","description_kind":"markdown","optional":true},"icon":{"type":"string","description":"The icon of the property","description_kind":"markdown","optional":true},"required":{"type":"bool","description":"Whether the property is required","description_kind":"markdown","optional":true,"computed":true},"title":{"type":"string","description":"The title of the property","description_kind":"markdown","optional":true}},"nesting_mode":"map"},"description":"The boolean property of the action","description_kind":"markdown","optional":true},"number_props":{"nested_type":{"attributes":{"dataset":{"nested_type":{"attributes":{"combinator":{"type":"string","description":"The combinator of the dataset","description_kind":"markdown","required":true},"rules":{"nested_type":{"attributes":{"blueprint":{"type":"string","description":"The blueprint identifier of the rule","description_kind":"markdown","optional":true},"operator":{"type":"string","description":"The operator of the rule","description_kind":"markdown","required":true},"property":{"type":"string","description":"The property identifier of the rule","description_kind":"markdown","optional":true},"value":{"type":["object",{"jq_query":"string"}],"description":"The value of the rule","description_kind":"markdown","required":true}},"nesting_mode":"list"},"description":"The rules of the dataset","description_kind":"markdown","required":true}},"nesting_mode":"single"},"description":"The dataset of the property","description_kind":"markdown","optional":true},"default":{"type":"number","description":"The default of the number property","description_kind":"markdown","optional":true},"default_jq_query":{"type":"string","description":"The default jq query of the number property","description_kind":"markdown","optional":true},"depends_on":{"type":["list","string"],"description":"The properties that this property depends on","description_kind":"markdown","optional":true},"description":{"type":"string","description":"The description of the property","description_kind":"markdown","optional":true},"enum":{"type":["list","number"],"description":"The enum of the number property","description_kind":"markdown","optional":true},"enum_jq_query":{"type":"string","description":"The enum jq query of the string property","description_kind":"markdown","optional":true},"icon":{"type":"string","description":"The icon of the property","description_kind":"markdown","optional":true},"maximum":{"type":"number","description":"The min of the number property","description_kind":"markdown","optional":true},"minimum":{"type":"number","description":"The max of the number property","description_kind":"markdown","optional":true},"required":{"type":"bool","description":"Whether the property is required","description_kind":"markdown","optional":true,"computed":true},"title":{"type":"string","description":"The title of the property","description_kind":"markdown","optional":true}},"nesting_mode":"map"},"description":"The number property of the action","description_kind":"markdown","optional":true},"object_props":{"nested_type":{"attributes":{"dataset":{"nested_type":{"attributes":{"combinator":{"type":"string","description":"The combinator of the dataset","description_kind":"markdown","required":true},"rules":{"nested_type":{"attributes":{"blueprint":{"type":"string","description":"The blueprint identifier of the rule","description_kind":"markdown","optional":true},"operator":{"type":"string","description":"The operator of the rule","description_kind":"markdown","required":true},"property":{"type":"string","description":"The property identifier of the rule","description_kind":"markdown","optional":true},"value":{"type":["object",{"jq_query":"string"}],"description":"The value of the rule","description_kind":"markdown","required":true}},"nesting_mode":"list"},"description":"The rules of the dataset","description_kind":"markdown","required":true}},"nesting_mode":"single"},"description":"The dataset of the property","description_kind":"markdown","optional":true},"default":{"type":"string","description":"The default of the object property","description_kind":"markdown","optional":true},"default_jq_query":{"type":"string","description":"The default jq query of the object property","description_kind":"markdown","optional":true},"depends_on":{"type":["list","string"],"description":"The properties that this property depends on","description_kind":"markdown","optional":true},"description":{"type":"string","description":"The description of the property","description_kind":"markdown","optional":true},"icon":{"type":"string","description":"The icon of the property","description_kind":"markdown","optional":true},"required":{"type":"bool","description":"Whether the property is required","description_kind":"markdown","optional":true,"computed":true},"title":{"type":"string","description":"The title of the property","description_kind":"markdown","optional":true}},"nesting_mode":"map"},"description":"The object property of the action","description_kind":"markdown","optional":true},"string_props":{"nested_type":{"attributes":{"blueprint":{"type":"string","description":"The blueprint identifier the string property relates to","description_kind":"markdown","optional":true},"dataset":{"nested_type":{"attributes":{"combinator":{"type":"string","description":"The combinator of the dataset","description_kind":"markdown","required":true},"rules":{"nested_type":{"attributes":{"blueprint":{"type":"string","description":"The blueprint identifier of the rule","description_kind":"markdown","optional":true},"operator":{"type":"string","description":"The operator of the rule","description_kind":"markdown","required":true},"property":{"type":"string","description":"The property identifier of the rule","description_kind":"markdown","optional":true},"value":{"type":["object",{"jq_query":"string"}],"description":"The value of the rule","description_kind":"markdown","required":true}},"nesting_mode":"list"},"description":"The rules of the dataset","description_kind":"markdown","required":true}},"nesting_mode":"single"},"description":"The dataset of the property","description_kind":"markdown","optional":true},"default":{"type":"string","description":"The default of the string property","description_kind":"markdown","optional":true},"default_jq_query":{"type":"string","description":"The default jq query of the string property","description_kind":"markdown","optional":true},"depends_on":{"type":["list","string"],"description":"The properties that this property depends on","description_kind":"markdown","optional":true},"description":{"type":"string","description":"The description of the property","description_kind":"markdown","optional":true},"enum":{"type":["list","string"],"description":"The enum of the string property","description_kind":"markdown","optional":true},"enum_jq_query":{"type":"string","description":"The enum jq query of the string property","description_kind":"markdown","optional":true},"format":{"type":"string","description":"The format of the string property","description_kind":"markdown","optional":true},"icon":{"type":"string","description":"The icon of the property","description_kind":"markdown","optional":true},"max_length":{"type":"number","description":"The max length of the string property","description_kind":"markdown","optional":true},"min_length":{"type":"number","description":"The min length of the string property","description_kind":"markdown","optional":true},"pattern":{"type":"string","description":"The pattern of the string property","description_kind":"markdown","optional":true},"required":{"type":"bool","description":"Whether the property is required","description_kind":"markdown","optional":true,"computed":true},"title":{"type":"string","description":"The title of the property","description_kind":"markdown","optional":true}},"nesting_mode":"map"},"description":"The string property of the action","description_kind":"markdown","optional":true}},"nesting_mode":"single"},"description":"User properties","description_kind":"markdown","optional":true},"webhook_method":{"nested_type":{"attributes":{"agent":{"type":"bool","description":"Use the agent to invoke the action","description_kind":"markdown","optional":true},"url":{"type":"string","description":"Required when selecting type WEBHOOK. The URL to invoke the action","description_kind":"markdown","required":true}},"nesting_mode":"single"},"description":"The invocation method of the action","description_kind":"markdown","optional":true}},"description":"Action resource","description_kind":"markdown"}},"port_blueprint":{"version":0,"block":{"attributes":{"calculation_properties":{"nested_type":{"attributes":{"calculation":{"type":"string","description":"The calculation of the calculation property","description_kind":"markdown","required":true},"colorized":{"type":"bool","description":"The colorized of the calculation property","description_kind":"markdown","optional":true},"colors":{"type":["map","string"],"description":"The colors of the calculation property","description_kind":"markdown","optional":true},"description":{"type":"string","description":"The description of the calculation property","description_kind":"markdown","optional":true},"format":{"type":"string","description":"The format of the calculation property","description_kind":"markdown","optional":true},"icon":{"type":"string","description":"The icon of the calculation property","description_kind":"markdown","optional":true},"title":{"type":"string","description":"The title of the calculation property","description_kind":"markdown","optional":true},"type":{"type":"string","description":"The type of the calculation property","description_kind":"markdown","required":true}},"nesting_mode":"map"},"description":"The calculation properties of the blueprint","description_kind":"markdown","optional":true},"created_at":{"type":"string","description":"The creation date of the blueprint","description_kind":"markdown","computed":true},"created_by":{"type":"string","description":"The creator of the blueprint","description_kind":"markdown","computed":true},"description":{"type":"string","description":"The description of the blueprint","description_kind":"markdown","optional":true},"icon":{"type":"string","description":"The icon of the blueprint","description_kind":"markdown","optional":true},"id":{"type":"string","description_kind":"plain","computed":true},"identifier":{"type":"string","description":"The identifier of the blueprint","description_kind":"markdown","required":true},"kafka_changelog_destination":{"type":["object",{}],"description":"The changelog destination of the blueprint","description_kind":"markdown","optional":true},"mirror_properties":{"nested_type":{"attributes":{"path":{"type":"string","description":"The path of the mirror property","description_kind":"markdown","required":true},"title":{"type":"string","description":"The title of the mirror property","description_kind":"markdown","optional":true}},"nesting_mode":"map"},"description":"The mirror properties of the blueprint","description_kind":"markdown","optional":true},"properties":{"nested_type":{"attributes":{"array_props":{"nested_type":{"attributes":{"boolean_items":{"nested_type":{"attributes":{"default":{"type":["list","bool"],"description":"The default of the items","description_kind":"markdown","optional":true}},"nesting_mode":"single"},"description":"The items of the array property","description_kind":"markdown","optional":true},"description":{"type":"string","description":"The description of the property","description_kind":"markdown","optional":true},"icon":{"type":"string","description":"The icon of the property","description_kind":"markdown","optional":true},"max_items":{"type":"number","description":"The max items of the array property","description_kind":"markdown","optional":true},"min_items":{"type":"number","description":"The min items of the array property","description_kind":"markdown","optional":true},"number_items":{"nested_type":{"attributes":{"default":{"type":["list","number"],"description":"The default of the items","description_kind":"markdown","optional":true}},"nesting_mode":"single"},"description":"The items of the array property","description_kind":"markdown","optional":true},"object_items":{"nested_type":{"attributes":{"default":{"type":["list","string"],"description":"The default of the items","description_kind":"markdown","optional":true}},"nesting_mode":"single"},"description":"The items of the array property","description_kind":"markdown","optional":true},"required":{"type":"bool","description":"Whether the property is required","description_kind":"markdown","optional":true,"computed":true},"string_items":{"nested_type":{"attributes":{"default":{"type":["list","string"],"description":"The default of the items","description_kind":"markdown","optional":true},"format":{"type":"string","description":"The format of the items","description_kind":"markdown","optional":true}},"nesting_mode":"single"},"description":"The items of the array property","description_kind":"markdown","optional":true},"title":{"type":"string","description":"The title of the property","description_kind":"markdown","optional":true}},"nesting_mode":"map"},"description":"The array property of the blueprint","description_kind":"markdown","optional":true},"boolean_props":{"nested_type":{"attributes":{"default":{"type":"bool","description":"The default of the boolean property","description_kind":"markdown","optional":true},"description":{"type":"string","description":"The description of the property","description_kind":"markdown","optional":true},"icon":{"type":"string","description":"The icon of the property","description_kind":"markdown","optional":true},"required":{"type":"bool","description":"Whether the property is required","description_kind":"markdown","optional":true,"computed":true},"title":{"type":"string","description":"The title of the property","description_kind":"markdown","optional":true}},"nesting_mode":"map"},"description":"The boolean property of the blueprint","description_kind":"markdown","optional":true},"number_props":{"nested_type":{"attributes":{"default":{"type":"number","description":"The default of the number property","description_kind":"markdown","optional":true},"description":{"type":"string","description":"The description of the property","description_kind":"markdown","optional":true},"enum":{"type":["list","number"],"description":"The enum of the number property","description_kind":"markdown","optional":true},"enum_colors":{"type":["map","string"],"description":"The enum colors of the number property","description_kind":"markdown","optional":true},"icon":{"type":"string","description":"The icon of the property","description_kind":"markdown","optional":true},"maximum":{"type":"number","description":"The min of the number property","description_kind":"markdown","optional":true},"minimum":{"type":"number","description":"The max of the number property","description_kind":"markdown","optional":true},"required":{"type":"bool","description":"Whether the property is required","description_kind":"markdown","optional":true,"computed":true},"title":{"type":"string","description":"The title of the property","description_kind":"markdown","optional":true}},"nesting_mode":"map"},"description":"The number property of the blueprint","description_kind":"markdown","optional":true},"object_props":{"nested_type":{"attributes":{"default":{"type":"string","description":"The default of the object property","description_kind":"markdown","optional":true},"description":{"type":"string","description":"The description of the property","description_kind":"markdown","optional":true},"icon":{"type":"string","description":"The icon of the property","description_kind":"markdown","optional":true},"required":{"type":"bool","description":"Whether the property is required","description_kind":"markdown","optional":true,"computed":true},"spec":{"type":"string","description":"The spec of the object property","description_kind":"markdown","optional":true},"title":{"type":"string","description":"The title of the property","description_kind":"markdown","optional":true}},"nesting_mode":"map"},"description":"The object property of the blueprint","description_kind":"markdown","optional":true},"string_props":{"nested_type":{"attributes":{"default":{"type":"string","description":"The default of the string property","description_kind":"markdown","optional":true},"description":{"type":"string","description":"The description of the property","description_kind":"markdown","optional":true},"enum":{"type":["list","string"],"description":"The enum of the string property","description_kind":"markdown","optional":true},"enum_colors":{"type":["map","string"],"description":"The enum colors of the string property","description_kind":"markdown","optional":true},"format":{"type":"string","description":"The format of the string property","description_kind":"markdown","optional":true},"icon":{"type":"string","description":"The icon of the property","description_kind":"markdown","optional":true},"max_length":{"type":"number","description":"The max length of the string property","description_kind":"markdown","optional":true},"min_length":{"type":"number","description":"The min length of the string property","description_kind":"markdown","optional":true},"pattern":{"type":"string","description":"The pattern of the string property","description_kind":"markdown","optional":true},"required":{"type":"bool","description":"Whether the property is required","description_kind":"markdown","optional":true,"computed":true},"spec":{"type":"string","description":"The spec of the string property","description_kind":"markdown","optional":true},"spec_authentication":{"nested_type":{"attributes":{"authorization_url":{"type":"string","description":"The authorizationUrl of the spec authentication","description_kind":"markdown","required":true},"client_id":{"type":"string","description":"The clientId of the spec authentication","description_kind":"markdown","required":true},"token_url":{"type":"string","description":"The tokenUrl of the spec authentication","description_kind":"markdown","required":true}},"nesting_mode":"single"},"description":"The spec authentication of the string property","description_kind":"markdown","optional":true},"title":{"type":"string","description":"The title of the property","description_kind":"markdown","optional":true}},"nesting_mode":"map"},"description":"The string property of the blueprint","description_kind":"markdown","optional":true}},"nesting_mode":"single"},"description":"The properties of the blueprint","description_kind":"markdown","optional":true},"relations":{"nested_type":{"attributes":{"many":{"type":"bool","description":"The many of the relation","description_kind":"markdown","optional":true,"computed":true},"required":{"type":"bool","description":"The required of the relation","description_kind":"markdown","optional":true,"computed":true},"target":{"type":"string","description":"The target of the relation","description_kind":"markdown","required":true},"title":{"type":"string","description":"The title of the relation","description_kind":"markdown","optional":true}},"nesting_mode":"map"},"description":"The relations of the blueprint","description_kind":"markdown","optional":true},"team_inheritance":{"nested_type":{"attributes":{"path":{"type":"string","description":"The path of the team inheritance","description_kind":"markdown","required":true}},"nesting_mode":"single"},"description":"The team inheritance of the blueprint","description_kind":"markdown","optional":true},"title":{"type":"string","description":"The display name of the blueprint","description_kind":"markdown","required":true},"updated_at":{"type":"string","description":"The last update date of the blueprint","description_kind":"markdown","computed":true},"updated_by":{"type":"string","description":"The last updater of the blueprint","description_kind":"markdown","computed":true},"webhook_changelog_destination":{"nested_type":{"attributes":{"agent":{"type":"bool","description":"The agent of the webhook changelog destination","description_kind":"markdown","optional":true},"url":{"type":"string","description":"The url of the webhook changelog destination","description_kind":"markdown","required":true}},"nesting_mode":"single"},"description":"The webhook changelog destination of the blueprint","description_kind":"markdown","optional":true}},"description":"Blueprint Resource","description_kind":"markdown"}},"port_entity":{"version":0,"block":{"attributes":{"blueprint":{"type":"string","description":"The blueprint identifier the entity relates to","description_kind":"markdown","required":true},"created_at":{"type":"string","description":"The creation date of the entity","description_kind":"markdown","computed":true},"created_by":{"type":"string","description":"The creator of the entity","description_kind":"markdown","computed":true},"icon":{"type":"string","description":"The icon of the entity","description_kind":"markdown","optional":true},"id":{"type":"string","description_kind":"plain","computed":true},"identifier":{"type":"string","description":"The identifier of the entity","description_kind":"markdown","optional":true,"computed":true},"properties":{"nested_type":{"attributes":{"array_props":{"nested_type":{"attributes":{"boolean_items":{"type":["map",["list","bool"]],"description_kind":"plain","optional":true},"number_items":{"type":["map",["list","number"]],"description_kind":"plain","optional":true},"object_items":{"type":["map",["list","string"]],"description_kind":"plain","optional":true},"string_items":{"type":["map",["list","string"]],"description_kind":"plain","optional":true}},"nesting_mode":"single"},"description":"The array properties of the entity","description_kind":"markdown","optional":true},"boolean_props":{"type":["map","bool"],"description":"The bool properties of the entity","description_kind":"markdown","optional":true},"number_props":{"type":["map","number"],"description":"The number properties of the entity","description_kind":"markdown","optional":true},"object_props":{"type":["map","string"],"description":"The object properties of the entity","description_kind":"markdown","optional":true},"string_props":{"type":["map","string"],"description":"The string properties of the entity","description_kind":"markdown","optional":true}},"nesting_mode":"single"},"description":"The properties of the entity","description_kind":"markdown","optional":true},"relations":{"nested_type":{"attributes":{"many_relations":{"type":["map",["list","string"]],"description":"The many relation of the entity","description_kind":"markdown","optional":true},"single_relations":{"type":["map","string"],"description":"The single relation of the entity","description_kind":"markdown","optional":true}},"nesting_mode":"single"},"description":"The relations of the entity","description_kind":"markdown","optional":true},"run_id":{"type":"string","description":"The runID of the action run that created the entity","description_kind":"markdown","optional":true},"teams":{"type":["list","string"],"description":"The teams the entity belongs to","description_kind":"markdown","optional":true},"title":{"type":"string","description":"The title of the entity","description_kind":"markdown","optional":true},"updated_at":{"type":"string","description":"The last update date of the entity","description_kind":"markdown","computed":true},"updated_by":{"type":"string","description":"The last updater of the entity","description_kind":"markdown","computed":true}},"description":"Entity resource","description_kind":"markdown"}},"port_scorecard":{"version":0,"block":{"attributes":{"blueprint":{"type":"string","description":"The blueprint of the scorecard","description_kind":"markdown","required":true},"created_at":{"type":"string","description":"The creation date of the scorecard","description_kind":"markdown","computed":true},"created_by":{"type":"string","description":"The creator of the scorecard","description_kind":"markdown","computed":true},"id":{"type":"string","description_kind":"plain","computed":true},"identifier":{"type":"string","description":"The identifier of the scorecard","description_kind":"markdown","required":true},"rules":{"nested_type":{"attributes":{"identifier":{"type":"string","description":"The identifier of the rule","description_kind":"markdown","required":true},"level":{"type":"string","description":"The level of the rule","description_kind":"markdown","required":true},"query":{"nested_type":{"attributes":{"combinator":{"type":"string","description":"The combinator of the query","description_kind":"markdown","required":true},"conditions":{"nested_type":{"attributes":{"operator":{"type":"string","description":"The operator of the condition","description_kind":"markdown","required":true},"property":{"type":"string","description":"The property of the condition","description_kind":"markdown","required":true},"value":{"type":"string","description":"The value of the condition","description_kind":"markdown","optional":true}},"nesting_mode":"list"},"description":"The conditions of the query","description_kind":"markdown","required":true}},"nesting_mode":"single"},"description":"The query of the rule","description_kind":"markdown","required":true},"title":{"type":"string","description":"The title of the rule","description_kind":"markdown","required":true}},"nesting_mode":"list"},"description":"The rules of the scorecard","description_kind":"markdown","required":true},"title":{"type":"string","description":"The title of the scorecard","description_kind":"markdown","required":true},"updated_at":{"type":"string","description":"The last update date of the scorecard","description_kind":"markdown","computed":true},"updated_by":{"type":"string","description":"The last updater of the scorecard","description_kind":"markdown","computed":true}},"description":"scorecard resource","description_kind":"markdown"}},"port_webhook":{"version":0,"block":{"attributes":{"created_at":{"type":"string","description":"The creation date of the webhook","description_kind":"markdown","computed":true},"created_by":{"type":"string","description":"The creator of the webhook","description_kind":"markdown","computed":true},"description":{"type":"string","description":"The description of the webhook","description_kind":"markdown","optional":true},"enabled":{"type":"bool","description":"Whether the webhook is enabled","description_kind":"markdown","optional":true,"computed":true},"icon":{"type":"string","description":"The icon of the webhook","description_kind":"markdown","optional":true},"id":{"type":"string","description_kind":"plain","computed":true},"identifier":{"type":"string","description":"The identifier of the webhook","description_kind":"markdown","optional":true,"computed":true},"mappings":{"nested_type":{"attributes":{"blueprint":{"type":"string","description":"The blueprint of the mapping","description_kind":"markdown","required":true},"entity":{"nested_type":{"attributes":{"icon":{"type":"string","description":"The icon of the entity","description_kind":"markdown","optional":true},"identifier":{"type":"string","description":"The identifier of the entity","description_kind":"markdown","required":true},"properties":{"type":["map","string"],"description":"The properties of the entity","description_kind":"markdown","optional":true},"relations":{"type":["map","string"],"description":"The relations of the entity","description_kind":"markdown","optional":true},"team":{"type":"string","description":"The team of the entity","description_kind":"markdown","optional":true},"title":{"type":"string","description":"The title of the entity","description_kind":"markdown","optional":true}},"nesting_mode":"single"},"description":"The entity of the mapping","description_kind":"markdown","required":true},"filter":{"type":"string","description":"The filter of the mapping","description_kind":"markdown","optional":true},"items_to_parse":{"type":"string","description":"The items to parser of the mapping","description_kind":"markdown","optional":true}},"nesting_mode":"list"},"description":"The mappings of the webhook","description_kind":"markdown","optional":true},"security":{"nested_type":{"attributes":{"request_identifier_path":{"type":"string","description":"The request identifier path of the webhook","description_kind":"markdown","optional":true},"secret":{"type":"string","description":"The secret of the webhook","description_kind":"markdown","optional":true},"signature_algorithm":{"type":"string","description":"The signature algorithm of the webhook","description_kind":"markdown","optional":true},"signature_header_name":{"type":"string","description":"The signature header name of the webhook","description_kind":"markdown","optional":true},"signature_prefix":{"type":"string","description":"The signature prefix of the webhook","description_kind":"markdown","optional":true}},"nesting_mode":"single"},"description":"The security of the webhook","description_kind":"markdown","optional":true},"title":{"type":"string","description":"The title of the webhook","description_kind":"markdown","optional":true},"updated_at":{"type":"string","description":"The last update date of the webhook","description_kind":"markdown","computed":true},"updated_by":{"type":"string","description":"The last updater of the webhook","description_kind":"markdown","computed":true},"url":{"type":"string","description":"The url of the webhook","description_kind":"markdown","computed":true},"webhook_key":{"type":"string","description":"The webhook key of the webhook","description_kind":"markdown","computed":true}},"description":"Webhook resource","description_kind":"markdown"}}}}}}
